
Microsoft Visual Studio Solution File, Format Version 12.00
# Visual Studio Version 17
VisualStudioVersion = 17.11.34929.205
MinimumVisualStudioVersion = 10.0.40219.1
Project("{FAE04EC0-301F-11D3-BF4B-00C04F79EFBC}") = "BCFMApi", "BCFMApi.csproj", "{810430D7-C4D1-4A7A-9341-995003A4EA01}"
EndProject
Global
	GlobalSection(SolutionConfigurationPlatforms) = preSolution
		Debug|Any CPU = Debug|Any CPU
		Release|Any CPU = Release|Any CPU
	EndGlobalSection
	GlobalSection(ProjectConfigurationPlatforms) = postSolution
		{810430D7-C4D1-4A7A-9341-995003A4EA01}.Debug|Any CPU.ActiveCfg = Debug|Any CPU
		{810430D7-C4D1-4A7A-9341-995003A4EA01}.Debug|Any CPU.Build.0 = Debug|Any CPU
		{810430D7-C4D1-4A7A-9341-995003A4EA01}.Release|Any CPU.ActiveCfg = Release|Any CPU
		{810430D7-C4D1-4A7A-9341-995003A4EA01}.Release|Any CPU.Build.0 = Release|Any CPU
	EndGlobalSection
	GlobalSection(SolutionProperties) = preSolution
		HideSolutionNode = FALSE
	EndGlobalSection
	GlobalSection(ExtensibilityGlobals) = postSolution
		SolutionGuid = {5C5C2A83-3D8D-4B74-A0C0-DB65AB459D87}
	EndGlobalSection
EndGlobal
